Microsoft Visual Studio Solution File, Format Version 12.00
# Visual Studio Version 17
VisualStudioVersion = 17.5.2.0
MinimumVisualStudioVersion = 10.0.40219.1
Project("{FAE04EC0-301F-11D3-BF4B-00C04F79EFBC}") = "EmelieKlint_Shotgun", "EmelieKlint_Shotgun.csproj", "{E96F7FC9-5CDF-A924-7DFF-7113853CD41D}"
EndProject
Global
	GlobalSection(SolutionConfigurationPlatforms) = preSolution
		Debug|Any CPU = Debug|Any CPU
		Release|Any CPU = Release|Any CPU
	EndGlobalSection
	GlobalSection(ProjectConfigurationPlatforms) = postSolution
		{E96F7FC9-5CDF-A924-7DFF-7113853CD41D}.Debug|Any CPU.ActiveCfg = Debug|Any CPU
		{E96F7FC9-5CDF-A924-7DFF-7113853CD41D}.Debug|Any CPU.Build.0 = Debug|Any CPU
		{E96F7FC9-5CDF-A924-7DFF-7113853CD41D}.Release|Any CPU.ActiveCfg = Release|Any CPU
		{E96F7FC9-5CDF-A924-7DFF-7113853CD41D}.Release|Any CPU.Build.0 = Release|Any CPU
	EndGlobalSection
	GlobalSection(SolutionProperties) = preSolution
		HideSolutionNode = FALSE
	EndGlobalSection
	GlobalSection(ExtensibilityGlobals) = postSolution
		SolutionGuid = {F8405668-B24C-42F3-9331-1CC903F49E27}
	EndGlobalSection
EndGlobal
